
Microsoft Visual Studio Solution File, Format Version 12.00
# Visual Studio Version 17
VisualStudioVersion = 17.6.33829.357
MinimumVisualStudioVersion = 10.0.40219.1
Project("{FAE04EC0-301F-11D3-BF4B-00C04F79EFBC}") = "ToreAurstadIT.RollingSvcLogger", "ToreAurstadIT.RollingSvcLogger.csproj", "{DCDC6EB4-9930-4283-81DE-4D9B5294C6FB}"
EndProject
Global
	GlobalSection(SolutionConfigurationPlatforms) = preSolution
		Debug|Any CPU = Debug|Any CPU
		Release|Any CPU = Release|Any CPU
	EndGlobalSection
	GlobalSection(ProjectConfigurationPlatforms) = postSolution
		{DCDC6EB4-9930-4283-81DE-4D9B5294C6FB}.Debug|Any CPU.ActiveCfg = Debug|Any CPU
		{DCDC6EB4-9930-4283-81DE-4D9B5294C6FB}.Debug|Any CPU.Build.0 = Debug|Any CPU
		{DCDC6EB4-9930-4283-81DE-4D9B5294C6FB}.Release|Any CPU.ActiveCfg = Release|Any CPU
		{DCDC6EB4-9930-4283-81DE-4D9B5294C6FB}.Release|Any CPU.Build.0 = Release|Any CPU
	EndGlobalSection
	GlobalSection(SolutionProperties) = preSolution
		HideSolutionNode = FALSE
	EndGlobalSection
	GlobalSection(ExtensibilityGlobals) = postSolution
		SolutionGuid = {A271038E-7D25-49E0-AB9D-55508F069A91}
	EndGlobalSection
EndGlobal
